// !$*UTF8*$!
{
	archiveVersion = 1;
	classes = {
	};
	objectVersion = 46;
	objects = {

/* Begin PBXBuildFile section */
		4C0CBA331CAE145200C866FA /* Life.swift in Sources */ = {isa = PBXBuildFile; fileRef = 4C0CBA321CAE145200C866FA /* Life.swift */; };
		4C0CBA351CAEEC1100C866FA /* Scores.swift in Sources */ = {isa = PBXBuildFile; fileRef = 4C0CBA341CAEEC1100C866FA /* Scores.swift */; };
		4C6587911CA2355700B8230E /* Character.swift in Sources */ = {isa = PBXBuildFile; fileRef = 4C6587901CA2355700B8230E /* Character.swift */; };
		4C6880F71CA4619E000C872E /* JellyFish.swift in Sources */ = {isa = PBXBuildFile; fileRef = 4C6880F61CA4619E000C872E /* JellyFish.swift */; };
		4C6AB5E51CA5EF0A002213A1 /* Octopus.swift in Sources */ = {isa = PBXBuildFile; fileRef = 4C6AB5E41CA5EF0A002213A1 /* Octopus.swift */; };
		4C7153311C7D64C800ACB443 /* EndScene.swift in Sources */ = {isa = PBXBuildFile; fileRef = 4C7153301C7D64C800ACB443 /* EndScene.swift */; };
		4C9FE5E11CB1C5CC004C8F50 /* bubblesong.wav in Resources */ = {isa = PBXBuildFile; fileRef = 4C9FE5E01CB1C5CC004C8F50 /* bubblesong.wav */; };
		4C9FE5E31CB1C5E4004C8F50 /* jfish.wav in Resources */ = {isa = PBXBuildFile; fileRef = 4C9FE5E21CB1C5E4004C8F50 /* jfish.wav */; };
		4C9FE5E51CB1C5F6004C8F50 /* bgsong.mp3 in Resources */ = {isa = PBXBuildFile; fileRef = 4C9FE5E41CB1C5F6004C8F50 /* bgsong.mp3 */; };
		4C9FE5E71CB1C628004C8F50 /* splat.mp3 in Resources */ = {isa = PBXBuildFile; fileRef = 4C9FE5E61CB1C628004C8F50 /* splat.mp3 */; };
		4C9FE5E91CB1C640004C8F50 /* clear.mp3 in Resources */ = {isa = PBXBuildFile; fileRef = 4C9FE5E81CB1C640004C8F50 /* clear.mp3 */; };
		4CB01E641CB0ACEF0013174D /* CharSelectScene.swift in Sources */ = {isa = PBXBuildFile; fileRef = 4CB01E631CB0ACEF0013174D /* CharSelectScene.swift */; };
		4CE8657B1C7BECFC00B79CE2 /* AppDelegate.swift in Sources */ = {isa = PBXBuildFile; fileRef = 4CE8657A1C7BECFC00B79CE2 /* AppDelegate.swift */; };
		4CE8657F1C7BECFC00B79CE2 /* GameScene.swift in Sources */ = {isa = PBXBuildFile; fileRef = 4CE8657E1C7BECFC00B79CE2 /* GameScene.swift */; };
		4CE865811C7BECFC00B79CE2 /* GameViewController.swift in Sources */ = {isa = PBXBuildFile; fileRef = 4CE865801C7BECFC00B79CE2 /* GameViewController.swift */; };
		4CE865841C7BECFC00B79CE2 /* Main.storyboard in Resources */ = {isa = PBXBuildFile; fileRef = 4CE865821C7BECFC00B79CE2 /* Main.storyboard */; };
		4CE865861C7BECFC00B79CE2 /* Assets.xcassets in Resources */ = {isa = PBXBuildFile; fileRef = 4CE865851C7BECFC00B79CE2 /* Assets.xcassets */; };
		4CE865891C7BECFC00B79CE2 /* LaunchScreen.storyboard in Resources */ = {isa = PBXBuildFile; fileRef = 4CE865871C7BECFC00B79CE2 /* LaunchScreen.storyboard */; };
		4CE865941C7BECFC00B79CE2 /* chen_a5Tests.swift in Sources */ = {isa = PBXBuildFile; fileRef = 4CE865931C7BECFC00B79CE2 /* chen_a5Tests.swift */; };
		4CE8659F1C7BECFC00B79CE2 /* chen_a5UITests.swift in Sources */ = {isa = PBXBuildFile; fileRef = 4CE8659E1C7BECFC00B79CE2 /* chen_a5UITests.swift */; };
		4CE865AD1C7CC0C700B79CE2 /* MenuScene.swift in Sources */ = {isa = PBXBuildFile; fileRef = 4CE865AC1C7CC0C700B79CE2 /* MenuScene.swift */; };
		4CE865AF1C7CCB5000B79CE2 /* RulesScene.swift in Sources */ = {isa = PBXBuildFile; fileRef = 4CE865AE1C7CCB5000B79CE2 /* RulesScene.swift */; };
		9931D9C61C7E4E7C00BF9AF8 /* Player.swift in Sources */ = {isa = PBXBuildFile; fileRef = 9931D9C51C7E4E7C00BF9AF8 /* Player.swift */; };
/* End PBXBuildFile section */

/* Begin PBXContainerItemProxy section */
		4CE865901C7BECFC00B79CE2 /* PBXContainerItemProxy */ = {
			isa = PBXContainerItemProxy;
			containerPortal = 4CE8656F1C7BECFC00B79CE2 /* Project object */;
			proxyType = 1;
			remoteGlobalIDString = 4CE865761C7BECFC00B79CE2;
			remoteInfo = chen_a5;
		};
		4CE8659B1C7BECFC00B79CE2 /* PBXContainerItemProxy */ = {
			isa = PBXContainerItemProxy;
			containerPortal = 4CE8656F1C7BECFC00B79CE2 /* Project object */;
			proxyType = 1;
			remoteGlobalIDString = 4CE865761C7BECFC00B79CE2;
			remoteInfo = chen_a5;
		};
/* End PBXContainerItemProxy section */

/* Begin PBXFileReference section */
		4C0CBA321CAE145200C866FA /* Life.swift */ = {isa = PBXFileReference; fileEncoding = 4; lastKnownFileType = sourcecode.swift; path = Life.swift; sourceTree = "<group>"; };
		4C0CBA341CAEEC1100C866FA /* Scores.swift */ = {isa = PBXFileReference; fileEncoding = 4; lastKnownFileType = sourcecode.swift; path = Scores.swift; sourceTree = "<group>"; };
		4C6587901CA2355700B8230E /* Character.swift */ = {isa = PBXFileReference; fileEncoding = 4; lastKnownFileType = sourcecode.swift; path = Character.swift; sourceTree = "<group>"; };
		4C6880F61CA4619E000C872E /* JellyFish.swift */ = {isa = PBXFileReference; fileEncoding = 4; lastKnownFileType = sourcecode.swift; path = JellyFish.swift; sourceTree = "<group>"; };
		4C6AB5E41CA5EF0A002213A1 /* Octopus.swift */ = {isa = PBXFileReference; fileEncoding = 4; lastKnownFileType = sourcecode.swift; path = Octopus.swift; sourceTree = "<group>"; };
		4C7153301C7D64C800ACB443 /* EndScene.swift */ = {isa = PBXFileReference; fileEncoding = 4; lastKnownFileType = sourcecode.swift; path = EndScene.swift; sourceTree = "<group>"; };
		4C9FE5E01CB1C5CC004C8F50 /* bubblesong.wav */ = {isa = PBXFileReference; lastKnownFileType = audio.wav; path = bubblesong.wav; sourceTree = "<group>"; };
		4C9FE5E21CB1C5E4004C8F50 /* jfish.wav */ = {isa = PBXFileReference; lastKnownFileType = audio.wav; path = jfish.wav; sourceTree = "<group>"; };
		4C9FE5E41CB1C5F6004C8F50 /* bgsong.mp3 */ = {isa = PBXFileReference; lastKnownFileType = audio.mp3; path = bgsong.mp3; sourceTree = "<group>"; };
		4C9FE5E61CB1C628004C8F50 /* splat.mp3 */ = {isa = PBXFileReference; lastKnownFileType = audio.mp3; path = splat.mp3; sourceTree = "<group>"; };
		4C9FE5E81CB1C640004C8F50 /* clear.mp3 */ = {isa = PBXFileReference; lastKnownFileType = audio.mp3; path = clear.mp3; sourceTree = "<group>"; };
		4CB01E631CB0ACEF0013174D /* CharSelectScene.swift */ = {isa = PBXFileReference; fileEncoding = 4; lastKnownFileType = sourcecode.swift; path = CharSelectScene.swift; sourceTree = "<group>"; };
		4CE865771C7BECFC00B79CE2 /* Deep Descent.app */ = {isa = PBXFileReference; explicitFileType = wrapper.application; includeInIndex = 0; path = "Deep Descent.app"; sourceTree = BUILT_PRODUCTS_DIR; };
		4CE8657A1C7BECFC00B79CE2 /* AppDelegate.swift */ = {isa = PBXFileReference; lastKnownFileType = sourcecode.swift; path = AppDelegate.swift; sourceTree = "<group>"; };
		4CE8657E1C7BECFC00B79CE2 /* GameScene.swift */ = {isa = PBXFileReference; lastKnownFileType = sourcecode.swift; path = GameScene.swift; sourceTree = "<group>"; };
		4CE865801C7BECFC00B79CE2 /* GameViewController.swift */ = {isa = PBXFileReference; lastKnownFileType = sourcecode.swift; path = GameViewController.swift; sourceTree = "<group>"; };
		4CE865831C7BECFC00B79CE2 /* Base */ = {isa = PBXFileReference; lastKnownFileType = file.storyboard; name = Base; path = Base.lproj/Main.storyboard; sourceTree = "<group>"; };
		4CE865851C7BECFC00B79CE2 /* Assets.xcassets */ = {isa = PBXFileReference; lastKnownFileType = folder.assetcatalog; path = Assets.xcassets; sourceTree = "<group>"; };
		4CE865881C7BECFC00B79CE2 /* Base */ = {isa = PBXFileReference; lastKnownFileType = file.storyboard; name = Base; path = Base.lproj/LaunchScreen.storyboard; sourceTree = "<group>"; };
		4CE8658A1C7BECFC00B79CE2 /* Info.plist */ = {isa = PBXFileReference; lastKnownFileType = text.plist.xml; path = Info.plist; sourceTree = "<group>"; };
		4CE8658F1C7BECFC00B79CE2 /* Deep Descent.xctest */ = {isa = PBXFileReference; explicitFileType = wrapper.cfbundle; includeInIndex = 0; path = "Deep Descent.xctest"; sourceTree = BUILT_PRODUCTS_DIR; };
		4CE865931C7BECFC00B79CE2 /* chen_a5Tests.swift */ = {isa = PBXFileReference; lastKnownFileType = sourcecode.swift; path = chen_a5Tests.swift; sourceTree = "<group>"; };
		4CE865951C7BECFC00B79CE2 /* Info.plist */ = {isa = PBXFileReference; lastKnownFileType = text.plist.xml; path = Info.plist; sourceTree = "<group>"; };
		4CE8659A1C7BECFC00B79CE2 /* Deep Descent.xctest */ = {isa = PBXFileReference; explicitFileType = wrapper.cfbundle; includeInIndex = 0; path = "Deep Descent.xctest"; sourceTree = BUILT_PRODUCTS_DIR; };
		4CE8659E1C7BECFC00B79CE2 /* chen_a5UITests.swift */ = {isa = PBXFileReference; lastKnownFileType = sourcecode.swift; path = chen_a5UITests.swift; sourceTree = "<group>"; };
		4CE865A01C7BECFC00B79CE2 /* Info.plist */ = {isa = PBXFileReference; lastKnownFileType = text.plist.xml; path = Info.plist; sourceTree = "<group>"; };
		4CE865AC1C7CC0C700B79CE2 /* MenuScene.swift */ = {isa = PBXFileReference; fileEncoding = 4; lastKnownFileType = sourcecode.swift; path = MenuScene.swift; sourceTree = "<group>"; };
		4CE865AE1C7CCB5000B79CE2 /* RulesScene.swift */ = {isa = PBXFileReference; fileEncoding = 4; lastKnownFileType = sourcecode.swift; path = RulesScene.swift; sourceTree = "<group>"; };
		9931D9C51C7E4E7C00BF9AF8 /* Player.swift */ = {isa = PBXFileReference; fileEncoding = 4; lastKnownFileType = sourcecode.swift; path = Player.swift; sourceTree = "<group>"; };
/* End PBXFileReference section */

/* Begin PBXFrameworksBuildPhase section */
		4CE865741C7BECFC00B79CE2 /* Frameworks */ = {
			isa = PBXFrameworksBuildPhase;
			buildActionMask = 2147483647;
			files = (
			);
			runOnlyForDeploymentPostprocessing = 0;
		};
		4CE8658C1C7BECFC00B79CE2 /* Frameworks */ = {
			isa = PBXFrameworksBuildPhase;
			buildActionMask = 2147483647;
			files = (
			);
			runOnlyForDeploymentPostprocessing = 0;
		};
		4CE865971C7BECFC00B79CE2 /* Frameworks */ = {
			isa = PBXFrameworksBuildPhase;
			buildActionMask = 2147483647;
			files = (
			);
			runOnlyForDeploymentPostprocessing = 0;
		};
/* End PBXFrameworksBuildPhase section */

/* Begin PBXGroup section */
		4CE8656E1C7BECFC00B79CE2 = {
			isa = PBXGroup;
			children = (
				4CE865791C7BECFC00B79CE2 /* Deep Descent */,
				4CE865921C7BECFC00B79CE2 /* chen_a5Tests */,
				4CE8659D1C7BECFC00B79CE2 /* chen_a5UITests */,
				4CE865781C7BECFC00B79CE2 /* Products */,
			);
			sourceTree = "<group>";
		};
		4CE865781C7BECFC00B79CE2 /* Products */ = {
			isa = PBXGroup;
			children = (
				4CE865771C7BECFC00B79CE2 /* Deep Descent.app */,
				4CE8658F1C7BECFC00B79CE2 /* Deep Descent.xctest */,
				4CE8659A1C7BECFC00B79CE2 /* Deep Descent.xctest */,
			);
			name = Products;
			sourceTree = "<group>";
		};
		4CE865791C7BECFC00B79CE2 /* Deep Descent */ = {
			isa = PBXGroup;
			children = (
				CD5F80E41C7E2D1800EB9463 /* sounds */,
				4CE8657A1C7BECFC00B79CE2 /* AppDelegate.swift */,
				4CE8657E1C7BECFC00B79CE2 /* GameScene.swift */,
				4C0CBA341CAEEC1100C866FA /* Scores.swift */,
				4C6587901CA2355700B8230E /* Character.swift */,
				4C6880F61CA4619E000C872E /* JellyFish.swift */,
				4C6AB5E41CA5EF0A002213A1 /* Octopus.swift */,
				4C0CBA321CAE145200C866FA /* Life.swift */,
				9931D9C51C7E4E7C00BF9AF8 /* Player.swift */,
				4C7153301C7D64C800ACB443 /* EndScene.swift */,
				4CB01E631CB0ACEF0013174D /* CharSelectScene.swift */,
				4CE865801C7BECFC00B79CE2 /* GameViewController.swift */,
				4CE865AC1C7CC0C700B79CE2 /* MenuScene.swift */,
				4CE865AE1C7CCB5000B79CE2 /* RulesScene.swift */,
				4CE865821C7BECFC00B79CE2 /* Main.storyboard */,
				4CE865851C7BECFC00B79CE2 /* Assets.xcassets */,
				4CE865871C7BECFC00B79CE2 /* LaunchScreen.storyboard */,
				4CE8658A1C7BECFC00B79CE2 /* Info.plist */,
			);
			name = "Deep Descent";
			path = chen_a5;
			sourceTree = "<group>";
		};
		4CE865921C7BECFC00B79CE2 /* chen_a5Tests */ = {
			isa = PBXGroup;
			children = (
				4CE865931C7BECFC00B79CE2 /* chen_a5Tests.swift */,
				4CE865951C7BECFC00B79CE2 /* Info.plist */,
			);
			path = chen_a5Tests;
			sourceTree = "<group>";
		};
		4CE8659D1C7BECFC00B79CE2 /* chen_a5UITests */ = {
			isa = PBXGroup;
			children = (
				4CE8659E1C7BECFC00B79CE2 /* chen_a5UITests.swift */,
				4CE865A01C7BECFC00B79CE2 /* Info.plist */,
			);
			path = chen_a5UITests;
			sourceTree = "<group>";
		};
		CD5F80E41C7E2D1800EB9463 /* sounds */ = {
			isa = PBXGroup;
			children = (
				4C9FE5E01CB1C5CC004C8F50 /* bubblesong.wav */,
				4C9FE5E41CB1C5F6004C8F50 /* bgsong.mp3 */,
				4C9FE5E61CB1C628004C8F50 /* splat.mp3 */,
				4C9FE5E81CB1C640004C8F50 /* clear.mp3 */,
				4C9FE5E21CB1C5E4004C8F50 /* jfish.wav */,
			);
			name = sounds;
			sourceTree = "<group>";
		};
/* End PBXGroup section */

/* Begin PBXNativeTarget section */
		4CE865761C7BECFC00B79CE2 /* Deep Descent */ = {
			isa = PBXNativeTarget;
			buildConfigurationList = 4CE865A31C7BECFC00B79CE2 /* Build configuration list for PBXNativeTarget "Deep Descent" */;
			buildPhases = (
				4CE865731C7BECFC00B79CE2 /* Sources */,
				4CE865741C7BECFC00B79CE2 /* Frameworks */,
				4CE865751C7BECFC00B79CE2 /* Resources */,
			);
			buildRules = (
			);
			dependencies = (
			);
			name = "Deep Descent";
			productName = chen_a5;
			productReference = 4CE865771C7BECFC00B79CE2 /* Deep Descent.app */;
			productType = "com.apple.product-type.application";
		};
		4CE8658E1C7BECFC00B79CE2 /* Deep DescentTests */ = {
			isa = PBXNativeTarget;
			buildConfigurationList = 4CE865A61C7BECFC00B79CE2 /* Build configuration list for PBXNativeTarget "Deep DescentTests" */;
			buildPhases = (
				4CE8658B1C7BECFC00B79CE2 /* Sources */,
				4CE8658C1C7BECFC00B79CE2 /* Frameworks */,
				4CE8658D1C7BECFC00B79CE2 /* Resources */,
			);
			buildRules = (
			);
			dependencies = (
				4CE865911C7BECFC00B79CE2 /* PBXTargetDependency */,
			);
			name = "Deep DescentTests";
			productName = chen_a5Tests;
			productReference = 4CE8658F1C7BECFC00B79CE2 /* Deep Descent.xctest */;
			productType = "com.apple.product-type.bundle.unit-test";
		};
		4CE865991C7BECFC00B79CE2 /* Deep DescentUITests */ = {
			isa = PBXNativeTarget;
			buildConfigurationList = 4CE865A91C7BECFC00B79CE2 /* Build configuration list for PBXNativeTarget "Deep DescentUITests" */;
			buildPhases = (
				4CE865961C7BECFC00B79CE2 /* Sources */,
				4CE865971C7BECFC00B79CE2 /* Frameworks */,
				4CE865981C7BECFC00B79CE2 /* Resources */,
			);
			buildRules = (
			);
			dependencies = (
				4CE8659C1C7BECFC00B79CE2 /* PBXTargetDependency */,
			);
			name = "Deep DescentUITests";
			productName = chen_a5UITests;
			productReference = 4CE8659A1C7BECFC00B79CE2 /* Deep Descent.xctest */;
			productType = "com.apple.product-type.bundle.ui-testing";
		};
/* End PBXNativeTarget section */

/* Begin PBXProject section */
		4CE8656F1C7BECFC00B79CE2 /* Project object */ = {
			isa = PBXProject;
			attributes = {
				LastSwiftUpdateCheck = 0720;
				LastUpgradeCheck = 0720;
				ORGANIZATIONNAME = MC;
				TargetAttributes = {
					4CE865761C7BECFC00B79CE2 = {
						CreatedOnToolsVersion = 7.2;
						DevelopmentTeam = ADF7VKDM36;
					};
					4CE8658E1C7BECFC00B79CE2 = {
						CreatedOnToolsVersion = 7.2;
						TestTargetID = 4CE865761C7BECFC00B79CE2;
					};
					4CE865991C7BECFC00B79CE2 = {
						CreatedOnToolsVersion = 7.2;
						TestTargetID = 4CE865761C7BECFC00B79CE2;
					};
				};
			};
			buildConfigurationList = 4CE865721C7BECFC00B79CE2 /* Build configuration list for PBXProject "Deep Descent" */;
			compatibilityVersion = "Xcode 3.2";
			developmentRegion = English;
			hasScannedForEncodings = 0;
			knownRegions = (
				en,
				Base,
			);
			mainGroup = 4CE8656E1C7BECFC00B79CE2;
			productRefGroup = 4CE865781C7BECFC00B79CE2 /* Products */;
			projectDirPath = "";
			projectRoot = "";
			targets = (
				4CE865761C7BECFC00B79CE2 /* Deep Descent */,
				4CE8658E1C7BECFC00B79CE2 /* Deep DescentTests */,
				4CE865991C7BECFC00B79CE2 /* Deep DescentUITests */,
			);
		};
/* End PBXProject section */

/* Begin PBXResourcesBuildPhase section */
		4CE865751C7BECFC00B79CE2 /* Resources */ = {
			isa = PBXResourcesBuildPhase;
			buildActionMask = 2147483647;
			files = (
				4C9FE5E51CB1C5F6004C8F50 /* bgsong.mp3 in Resources */,
				4C9FE5E91CB1C640004C8F50 /* clear.mp3 in Resources */,
				4C9FE5E31CB1C5E4004C8F50 /* jfish.wav in Resources */,
				4CE865891C7BECFC00B79CE2 /* LaunchScreen.storyboard in Resources */,
				4CE865861C7BECFC00B79CE2 /* Assets.xcassets in Resources */,
				4C9FE5E71CB1C628004C8F50 /* splat.mp3 in Resources */,
				4C9FE5E11CB1C5CC004C8F50 /* bubblesong.wav in Resources */,
				4CE865841C7BECFC00B79CE2 /* Main.storyboard in Resources */,
			);
			runOnlyForDeploymentPostprocessing = 0;
		};
		4CE8658D1C7BECFC00B79CE2 /* Resources */ = {
			isa = PBXResourcesBuildPhase;
			buildActionMask = 2147483647;
			files = (
			);
			runOnlyForDeploymentPostprocessing = 0;
		};
		4CE865981C7BECFC00B79CE2 /* Resources */ = {
			isa = PBXResourcesBuildPhase;
			buildActionMask = 2147483647;
			files = (
			);
			runOnlyForDeploymentPostprocessing = 0;
		};
/* End PBXResourcesBuildPhase section */

/* Begin PBXSourcesBuildPhase section */
		4CE865731C7BECFC00B79CE2 /* Sources */ = {
			isa = PBXSourcesBuildPhase;
			buildActionMask = 2147483647;
			files = (
				4C6880F71CA4619E000C872E /* JellyFish.swift in Sources */,
				4CB01E641CB0ACEF0013174D /* CharSelectScene.swift in Sources */,
				4C6587911CA2355700B8230E /* Character.swift in Sources */,
				4C6AB5E51CA5EF0A002213A1 /* Octopus.swift in Sources */,
				4CE8657F1C7BECFC00B79CE2 /* GameScene.swift in Sources */,
				4CE865AD1C7CC0C700B79CE2 /* MenuScene.swift in Sources */,
				4C7153311C7D64C800ACB443 /* EndScene.swift in Sources */,
				9931D9C61C7E4E7C00BF9AF8 /* Player.swift in Sources */,
				4CE865811C7BECFC00B79CE2 /* GameViewController.swift in Sources */,
				4C0CBA331CAE145200C866FA /* Life.swift in Sources */,
				4CE8657B1C7BECFC00B79CE2 /* AppDelegate.swift in Sources */,
				4C0CBA351CAEEC1100C866FA /* Scores.swift in Sources */,
				4CE865AF1C7CCB5000B79CE2 /* RulesScene.swift in Sources */,
			);
			runOnlyForDeploymentPostprocessing = 0;
		};
		4CE8658B1C7BECFC00B79CE2 /* Sources */ = {
			isa = PBXSourcesBuildPhase;
			buildActionMask = 2147483647;
			files = (
				4CE865941C7BECFC00B79CE2 /* chen_a5Tests.swift in Sources */,
			);
			runOnlyForDeploymentPostprocessing = 0;
		};
		4CE865961C7BECFC00B79CE2 /* Sources */ = {
			isa = PBXSourcesBuildPhase;
			buildActionMask = 2147483647;
			files = (
				4CE8659F1C7BECFC00B79CE2 /* chen_a5UITests.swift in Sources */,
			);
			runOnlyForDeploymentPostprocessing = 0;
		};
/* End PBXSourcesBuildPhase section */

/* Begin PBXTargetDependency section */
		4CE865911C7BECFC00B79CE2 /* PBXTargetDependency */ = {
			isa = PBXTargetDependency;
			target = 4CE865761C7BECFC00B79CE2 /* Deep Descent */;
			targetProxy = 4CE865901C7BECFC00B79CE2 /* PBXContainerItemProxy */;
		};
		4CE8659C1C7BECFC00B79CE2 /* PBXTargetDependency */ = {
			isa = PBXTargetDependency;
			target = 4CE865761C7BECFC00B79CE2 /* Deep Descent */;
			targetProxy = 4CE8659B1C7BECFC00B79CE2 /* PBXContainerItemProxy */;
		};
/* End PBXTargetDependency section */

/* Begin PBXVariantGroup section */
		4CE865821C7BECFC00B79CE2 /* Main.storyboard */ = {
			isa = PBXVariantGroup;
			children = (
				4CE865831C7BECFC00B79CE2 /* Base */,
			);
			name = Main.storyboard;
			sourceTree = "<group>";
		};
		4CE865871C7BECFC00B79CE2 /* LaunchScreen.storyboard */ = {
			isa = PBXVariantGroup;
			children = (
				4CE865881C7BECFC00B79CE2 /* Base */,
			);
			name = LaunchScreen.storyboard;
			sourceTree = "<group>";
		};
/* End PBXVariantGroup section */

/* Begin XCBuildConfiguration section */
		4CE865A11C7BECFC00B79CE2 /* Debug */ = {
			isa = XCBuildConfiguration;
			buildSettings = {
				ALWAYS_SEARCH_USER_PATHS = NO;
				CLANG_CXX_LANGUAGE_STANDARD = "gnu++0x";
				CLANG_CXX_LIBRARY = "libc++";
				CLANG_ENABLE_MODULES = YES;
				CLANG_ENABLE_OBJC_ARC = YES;
				CLANG_WARN_BOOL_CONVERSION = YES;
				CLANG_WARN_CONSTANT_CONVERSION = YES;
				CLANG_WARN_DIRECT_OBJC_ISA_USAGE = YES_ERROR;
				CLANG_WARN_EMPTY_BODY = YES;
				CLANG_WARN_ENUM_CONVERSION = YES;
				CLANG_WARN_INT_CONVERSION = YES;
				CLANG_WARN_OBJC_ROOT_CLASS = YES_ERROR;
				CLANG_WARN_UNREACHABLE_CODE = YES;
				CLANG_WARN__DUPLICATE_METHOD_MATCH = YES;
				"CODE_SIGN_IDENTITY[sdk=iphoneos*]" = "iPhone Developer";
				COPY_PHASE_STRIP = NO;
				DEBUG_INFORMATION_FORMAT = "dwarf-with-dsym";
				ENABLE_STRICT_OBJC_MSGSEND = YES;
				ENABLE_TESTABILITY = YES;
				GCC_C_LANGUAGE_STANDARD = gnu99;
				GCC_DYNAMIC_NO_PIC = NO;
				GCC_NO_COMMON_BLOCKS = YES;
				GCC_OPTIMIZATION_LEVEL = 0;
				GCC_PREPROCESSOR_DEFINITIONS = (
					"DEBUG=1",
					"$(inherited)",
				);
				GCC_WARN_64_TO_32_BIT_CONVERSION = YES;
				GCC_WARN_ABOUT_RETURN_TYPE = YES_ERROR;
				GCC_WARN_UNDECLARED_SELECTOR = YES;
				GCC_WARN_UNINITIALIZED_AUTOS = YES_AGGRESSIVE;
				GCC_WARN_UNUSED_FUNCTION = YES;
				GCC_WARN_UNUSED_VARIABLE = YES;
				IPHONEOS_DEPLOYMENT_TARGET = 9.2;
				MTL_ENABLE_DEBUG_INFO = YES;
				ONLY_ACTIVE_ARCH = YES;
				SDKROOT = iphoneos;
				SWIFT_OPTIMIZATION_LEVEL = "-Onone";
				TARGETED_DEVICE_FAMILY = "1,2";
			};
			name = Debug;
		};
		4CE865A21C7BECFC00B79CE2 /* Release */ = {
			isa = XCBuildConfiguration;
			buildSettings = {
				ALWAYS_SEARCH_USER_PATHS = NO;
				CLANG_CXX_LANGUAGE_STANDARD = "gnu++0x";
				CLANG_CXX_LIBRARY = "libc++";
				CLANG_ENABLE_MODULES = YES;
				CLANG_ENABLE_OBJC_ARC = YES;
				CLANG_WARN_BOOL_CONVERSION = YES;
				CLANG_WARN_CONSTANT_CONVERSION = YES;
				CLANG_WARN_DIRECT_OBJC_ISA_USAGE = YES_ERROR;
				CLANG_WARN_EMPTY_BODY = YES;
				CLANG_WARN_ENUM_CONVERSION = YES;
				CLANG_WARN_INT_CONVERSION = YES;
				CLANG_WARN_OBJC_ROOT_CLASS = YES_ERROR;
				CLANG_WARN_UNREACHABLE_CODE = YES;
				CLANG_WARN__DUPLICATE_METHOD_MATCH = YES;
				"CODE_SIGN_IDENTITY[sdk=iphoneos*]" = "iPhone Developer";
				COPY_PHASE_STRIP = NO;
				DEBUG_INFORMATION_FORMAT = "dwarf-with-dsym";
				ENABLE_NS_ASSERTIONS = NO;
				ENABLE_STRICT_OBJC_MSGSEND = YES;
				GCC_C_LANGUAGE_STANDARD = gnu99;
				GCC_NO_COMMON_BLOCKS = YES;
				GCC_WARN_64_TO_32_BIT_CONVERSION = YES;
				GCC_WARN_ABOUT_RETURN_TYPE = YES_ERROR;
				GCC_WARN_UNDECLARED_SELECTOR = YES;
				GCC_WARN_UNINITIALIZED_AUTOS = YES_AGGRESSIVE;
				GCC_WARN_UNUSED_FUNCTION = YES;
				GCC_WARN_UNUSED_VARIABLE = YES;
				IPHONEOS_DEPLOYMENT_TARGET = 9.2;
				MTL_ENABLE_DEBUG_INFO = NO;
				SDKROOT = iphoneos;
				TARGETED_DEVICE_FAMILY = "1,2";
				VALIDATE_PRODUCT = YES;
			};
			name = Release;
		};
		4CE865A41C7BECFC00B79CE2 /* Debug */ = {
			isa = XCBuildConfiguration;
			buildSettings = {
				ASSETCATALOG_COMPILER_APPICON_NAME = AppIcon;
				CODE_SIGN_IDENTITY = "iPhone Developer";
				"CODE_SIGN_IDENTITY[sdk=iphoneos*]" = "iPhone Developer";
				INFOPLIST_FILE = chen_a5/Info.plist;
				IPHONEOS_DEPLOYMENT_TARGET = 9.2;
				LD_RUNPATH_SEARCH_PATHS = "$(inherited) @executable_path/Frameworks";
				PRODUCT_BUNDLE_IDENTIFIER = "chen-a5.chen-a5";
				PRODUCT_NAME = "Deep Descent";
				PROVISIONING_PROFILE = "";
			};
			name = Debug;
		};
		4CE865A51C7BECFC00B79CE2 /* Release */ = {
			isa = XCBuildConfiguration;
			buildSettings = {
				ASSETCATALOG_COMPILER_APPICON_NAME = AppIcon;
				CODE_SIGN_IDENTITY = "iPhone Developer";
				"CODE_SIGN_IDENTITY[sdk=iphoneos*]" = "iPhone Developer";
				INFOPLIST_FILE = chen_a5/Info.plist;
				IPHONEOS_DEPLOYMENT_TARGET = 9.2;
				LD_RUNPATH_SEARCH_PATHS = "$(inherited) @executable_path/Frameworks";
				PRODUCT_BUNDLE_IDENTIFIER = "chen-a5.chen-a5";
				PRODUCT_NAME = "Deep Descent";
				PROVISIONING_PROFILE = "";
			};
			name = Release;
		};
		4CE865A71C7BECFC00B79CE2 /* Debug */ = {
			isa = XCBuildConfiguration;
			buildSettings = {
				BUNDLE_LOADER = "$(TEST_HOST)";
				DEBUG_INFORMATION_FORMAT = dwarf;
				INFOPLIST_FILE = chen_a5Tests/Info.plist;
				LD_RUNPATH_SEARCH_PATHS = "$(inherited) @executable_path/Frameworks @loader_path/Frameworks";
				PRODUCT_BUNDLE_IDENTIFIER = "chen-a5.chen-a5Tests";
				PRODUCT_NAME = "Deep Descent";
				TEST_HOST = "$(BUILT_PRODUCTS_DIR)/Deep Descent.app/Deep Descent";
			};
			name = Debug;
		};
		4CE865A81C7BECFC00B79CE2 /* Release */ = {
			isa = XCBuildConfiguration;
			buildSettings = {
				BUNDLE_LOADER = "$(TEST_HOST)";
				INFOPLIST_FILE = chen_a5Tests/Info.plist;
				LD_RUNPATH_SEARCH_PATHS = "$(inherited) @executable_path/Frameworks @loader_path/Frameworks";
				PRODUCT_BUNDLE_IDENTIFIER = "chen-a5.chen-a5Tests";
				PRODUCT_NAME = "Deep Descent";
				TEST_HOST = "$(BUILT_PRODUCTS_DIR)/Deep Descent.app/Deep Descent";
			};
			name = Release;
		};
		4CE865AA1C7BECFC00B79CE2 /* Debug */ = {
			isa = XCBuildConfiguration;
			buildSettings = {
				DEBUG_INFORMATION_FORMAT = dwarf;
				INFOPLIST_FILE = chen_a5UITests/Info.plist;
				LD_RUNPATH_SEARCH_PATHS = "$(inherited) @executable_path/Frameworks @loader_path/Frameworks";
				PRODUCT_BUNDLE_IDENTIFIER = "chen-a5.chen-a5UITests";
				PRODUCT_NAME = "Deep Descent";
				TEST_TARGET_NAME = chen_a5;
				USES_XCTRUNNER = YES;
			};
			name = Debug;
		};
		4CE865AB1C7BECFC00B79CE2 /* Release */ = {
			isa = XCBuildConfiguration;
			buildSettings = {
				INFOPLIST_FILE = chen_a5UITests/Info.plist;
				LD_RUNPATH_SEARCH_PATHS = "$(inherited) @executable_path/Frameworks @loader_path/Frameworks";
				PRODUCT_BUNDLE_IDENTIFIER = "chen-a5.chen-a5UITests";
				PRODUCT_NAME = "Deep Descent";
				TEST_TARGET_NAME = chen_a5;
				USES_XCTRUNNER = YES;
			};
			name = Release;
		};
/* End XCBuildConfiguration section */

/* Begin XCConfigurationList section */
		4CE865721C7BECFC00B79CE2 /* Build configuration list for PBXProject "Deep Descent" */ = {
			isa = XCConfigurationList;
			buildConfigurations = (
				4CE865A11C7BECFC00B79CE2 /* Debug */,
				4CE865A21C7BECFC00B79CE2 /* Release */,
			);
			defaultConfigurationIsVisible = 0;
			defaultConfigurationName = Release;
		};
		4CE865A31C7BECFC00B79CE2 /* Build configuration list for PBXNativeTarget "Deep Descent" */ = {
			isa = XCConfigurationList;
			buildConfigurations = (
				4CE865A41C7BECFC00B79CE2 /* Debug */,
				4CE865A51C7BECFC00B79CE2 /* Release */,
			);
			defaultConfigurationIsVisible = 0;
			defaultConfigurationName = Release;
		};
		4CE865A61C7BECFC00B79CE2 /* Build configuration list for PBXNativeTarget "Deep DescentTests" */ = {
			isa = XCConfigurationList;
			buildConfigurations = (
				4CE865A71C7BECFC00B79CE2 /* Debug */,
				4CE865A81C7BECFC00B79CE2 /* Release */,
			);
			defaultConfigurationIsVisible = 0;
			defaultConfigurationName = Release;
		};
		4CE865A91C7BECFC00B79CE2 /* Build configuration list for PBXNativeTarget "Deep DescentUITests" */ = {
			isa = XCConfigurationList;
			buildConfigurations = (
				4CE865AA1C7BECFC00B79CE2 /* Debug */,
				4CE865AB1C7BECFC00B79CE2 /* Release */,
			);
			defaultConfigurationIsVisible = 0;
			defaultConfigurationName = Release;
		};
/* End XCConfigurationList section */
	};
	rootObject = 4CE8656F1C7BECFC00B79CE2 /* Project object */;
}
